
Microsoft Visual Studio Solution File, Format Version 12.00
# Visual Studio Version 17
VisualStudioVersion = 17.3.32825.248
MinimumVisualStudioVersion = 10.0.40219.1
Project("{9A19103F-16F7-4668-BE54-9A1E7A4F7556}") = "AoC_Toolbox", "AoC_Toolbox\AoC_Toolbox.csproj", "{794D8832-7D55-4C14-AC8B-21138FB9EDDD}"
EndProject
Project("{2150E333-8FDC-42A3-9474-1A3956D46DE8}") = "Projektmappenelemente", "Projektmappenelemente", "{F828705F-E7E2-490D-BEB9-21D188B32DE9}"
	ProjectSection(SolutionItems) = preProject
		README.md = README.md
	EndProjectSection
EndProject
Project("{9A19103F-16F7-4668-BE54-9A1E7A4F7556}") = "AoC_Toolbox.Test", "AoC_Toolbox.Test\AoC_Toolbox.Test.csproj", "{B1E2864C-241D-481B-8AD6-CCAEF2228E7A}"
EndProject
Project("{9A19103F-16F7-4668-BE54-9A1E7A4F7556}") = "AoC_2024.Day1", "AoC_2024.Day1\AoC_2024.Day1.csproj", "{D0D69A1C-94C9-4681-A3BE-B9A9CB34643C}"
EndProject
Project("{9A19103F-16F7-4668-BE54-9A1E7A4F7556}") = "AoC_2024.Day2", "AoC_2024.Day2\AoC_2024.Day2.csproj", "{751C1FD4-7506-44CB-9DCF-FEAE92B6DE10}"
EndProject
Project("{9A19103F-16F7-4668-BE54-9A1E7A4F7556}") = "AoC_2024.Day3", "AoC_2024.Day3\AoC_2024.Day3.csproj", "{2DA98D09-1A95-4D04-8A3E-3EAACFFB4BB4}"
EndProject
Project("{9A19103F-16F7-4668-BE54-9A1E7A4F7556}") = "AoC_2024.Day4", "AoC_2024.Day4\AoC_2024.Day4.csproj", "{C9107726-73ED-4460-8FA6-EF26513CA7F6}"
EndProject
Project("{FAE04EC0-301F-11D3-BF4B-00C04F79EFBC}") = "AoC_2024.Day5", "AoC_2024.Day5\AoC_2024.Day5.csproj", "{2F8159B8-7F0C-43DE-A4EC-3F08B4416852}"
EndProject
Project("{FAE04EC0-301F-11D3-BF4B-00C04F79EFBC}") = "AoC_2024.Day6", "AoC_2024.Day6\AoC_2024.Day6.csproj", "{82D30876-876E-4A07-889B-6B55C7AF7A3C}"
EndProject
Project("{FAE04EC0-301F-11D3-BF4B-00C04F79EFBC}") = "AoC_2024.Day7", "AoC_2024.Day7\AoC_2024.Day7.csproj", "{7938BF63-13D6-4608-91D2-D421F04EFA31}"
EndProject
Project("{FAE04EC0-301F-11D3-BF4B-00C04F79EFBC}") = "AoC_2024.Day8", "AoC_2024.Day8\AoC_2024.Day8.csproj", "{D50D1C80-E6A9-4109-80D0-B55CA0EBF8E2}"
EndProject
Global
	GlobalSection(SolutionConfigurationPlatforms) = preSolution
		Debug|Any CPU = Debug|Any CPU
		Release|Any CPU = Release|Any CPU
	EndGlobalSection
	GlobalSection(ProjectConfigurationPlatforms) = postSolution
		{794D8832-7D55-4C14-AC8B-21138FB9EDDD}.Debug|Any CPU.ActiveCfg = Debug|Any CPU
		{794D8832-7D55-4C14-AC8B-21138FB9EDDD}.Debug|Any CPU.Build.0 = Debug|Any CPU
		{794D8832-7D55-4C14-AC8B-21138FB9EDDD}.Release|Any CPU.ActiveCfg = Release|Any CPU
		{794D8832-7D55-4C14-AC8B-21138FB9EDDD}.Release|Any CPU.Build.0 = Release|Any CPU
		{B1E2864C-241D-481B-8AD6-CCAEF2228E7A}.Debug|Any CPU.ActiveCfg = Debug|Any CPU
		{B1E2864C-241D-481B-8AD6-CCAEF2228E7A}.Debug|Any CPU.Build.0 = Debug|Any CPU
		{B1E2864C-241D-481B-8AD6-CCAEF2228E7A}.Release|Any CPU.ActiveCfg = Release|Any CPU
		{B1E2864C-241D-481B-8AD6-CCAEF2228E7A}.Release|Any CPU.Build.0 = Release|Any CPU
		{D0D69A1C-94C9-4681-A3BE-B9A9CB34643C}.Debug|Any CPU.ActiveCfg = Debug|Any CPU
		{D0D69A1C-94C9-4681-A3BE-B9A9CB34643C}.Debug|Any CPU.Build.0 = Debug|Any CPU
		{D0D69A1C-94C9-4681-A3BE-B9A9CB34643C}.Release|Any CPU.ActiveCfg = Release|Any CPU
		{D0D69A1C-94C9-4681-A3BE-B9A9CB34643C}.Release|Any CPU.Build.0 = Release|Any CPU
		{751C1FD4-7506-44CB-9DCF-FEAE92B6DE10}.Debug|Any CPU.ActiveCfg = Debug|Any CPU
		{751C1FD4-7506-44CB-9DCF-FEAE92B6DE10}.Debug|Any CPU.Build.0 = Debug|Any CPU
		{751C1FD4-7506-44CB-9DCF-FEAE92B6DE10}.Release|Any CPU.ActiveCfg = Release|Any CPU
		{751C1FD4-7506-44CB-9DCF-FEAE92B6DE10}.Release|Any CPU.Build.0 = Release|Any CPU
		{2DA98D09-1A95-4D04-8A3E-3EAACFFB4BB4}.Debug|Any CPU.ActiveCfg = Debug|Any CPU
		{2DA98D09-1A95-4D04-8A3E-3EAACFFB4BB4}.Debug|Any CPU.Build.0 = Debug|Any CPU
		{2DA98D09-1A95-4D04-8A3E-3EAACFFB4BB4}.Release|Any CPU.ActiveCfg = Release|Any CPU
		{2DA98D09-1A95-4D04-8A3E-3EAACFFB4BB4}.Release|Any CPU.Build.0 = Release|Any CPU
		{C9107726-73ED-4460-8FA6-EF26513CA7F6}.Debug|Any CPU.ActiveCfg = Debug|Any CPU
		{C9107726-73ED-4460-8FA6-EF26513CA7F6}.Debug|Any CPU.Build.0 = Debug|Any CPU
		{C9107726-73ED-4460-8FA6-EF26513CA7F6}.Release|Any CPU.ActiveCfg = Release|Any CPU
		{C9107726-73ED-4460-8FA6-EF26513CA7F6}.Release|Any CPU.Build.0 = Release|Any CPU
		{2F8159B8-7F0C-43DE-A4EC-3F08B4416852}.Debug|Any CPU.ActiveCfg = Debug|Any CPU
		{2F8159B8-7F0C-43DE-A4EC-3F08B4416852}.Debug|Any CPU.Build.0 = Debug|Any CPU
		{2F8159B8-7F0C-43DE-A4EC-3F08B4416852}.Release|Any CPU.ActiveCfg = Release|Any CPU
		{2F8159B8-7F0C-43DE-A4EC-3F08B4416852}.Release|Any CPU.Build.0 = Release|Any CPU
		{82D30876-876E-4A07-889B-6B55C7AF7A3C}.Debug|Any CPU.ActiveCfg = Debug|Any CPU
		{82D30876-876E-4A07-889B-6B55C7AF7A3C}.Debug|Any CPU.Build.0 = Debug|Any CPU
		{82D30876-876E-4A07-889B-6B55C7AF7A3C}.Release|Any CPU.ActiveCfg = Release|Any CPU
		{82D30876-876E-4A07-889B-6B55C7AF7A3C}.Release|Any CPU.Build.0 = Release|Any CPU
		{7938BF63-13D6-4608-91D2-D421F04EFA31}.Debug|Any CPU.ActiveCfg = Debug|Any CPU
		{7938BF63-13D6-4608-91D2-D421F04EFA31}.Debug|Any CPU.Build.0 = Debug|Any CPU
		{7938BF63-13D6-4608-91D2-D421F04EFA31}.Release|Any CPU.ActiveCfg = Release|Any CPU
		{7938BF63-13D6-4608-91D2-D421F04EFA31}.Release|Any CPU.Build.0 = Release|Any CPU
		{D50D1C80-E6A9-4109-80D0-B55CA0EBF8E2}.Debug|Any CPU.ActiveCfg = Debug|Any CPU
		{D50D1C80-E6A9-4109-80D0-B55CA0EBF8E2}.Debug|Any CPU.Build.0 = Debug|Any CPU
		{D50D1C80-E6A9-4109-80D0-B55CA0EBF8E2}.Release|Any CPU.ActiveCfg = Release|Any CPU
		{D50D1C80-E6A9-4109-80D0-B55CA0EBF8E2}.Release|Any CPU.Build.0 = Release|Any CPU
	EndGlobalSection
	GlobalSection(SolutionProperties) = preSolution
		HideSolutionNode = FALSE
	EndGlobalSection
	GlobalSection(ExtensibilityGlobals) = postSolution
		SolutionGuid = {0A3352EC-0875-449F-8514-05F79E926F29}
	EndGlobalSection
EndGlobal
